
Microsoft Visual Studio Solution File, Format Version 12.00
# Visual Studio 2012
VisualStudioVersion = 14.0.23107.0
MinimumVisualStudioVersion = 10.0.40219.1
Project("{FAE04EC0-301F-11D3-BF4B-00C04F79EFBC}") = "ExtensionMethods", "ExtentionMethods\ExtensionMethods.csproj", "{891D8FAA-325C-4FCE-B359-F234FFA0535F}"
EndProject
Project("{FAE04EC0-301F-11D3-BF4B-00C04F79EFBC}") = "NullableTypes", "NullableTypes\NullableTypes.csproj", "{EA07E77F-AF39-4FE0-A827-FEBE95890C25}"
EndProject
Project("{FAE04EC0-301F-11D3-BF4B-00C04F79EFBC}") = "AnonymousMethods", "AnonymousMethods\AnonymousMethods.csproj", "{9A3126C9-0626-45DE-8A87-7522D2AAC72F}"
EndProject
Project("{FAE04EC0-301F-11D3-BF4B-00C04F79EFBC}") = "AnonymousTypes", "AnonymousTypes\AnonymousTypes.csproj", "{5ECF8A54-CB61-4AEF-ABD6-D8F9DCEC651F}"
EndProject
Project("{FAE04EC0-301F-11D3-BF4B-00C04F79EFBC}") = "PartialClassDemo", "PartialClassDemo\PartialClassDemo.csproj", "{D5E78418-16CA-47C5-BF3F-C5558B7E0F3F}"
EndProject
Project("{FAE04EC0-301F-11D3-BF4B-00C04F79EFBC}") = "Test", "Test\Test.csproj", "{D2A28573-0830-4EFA-9101-703D41916E64}"
EndProject
Project("{FAE04EC0-301F-11D3-BF4B-00C04F79EFBC}") = "NullTypeDemo", "NullTypeDemo\NullTypeDemo.csproj", "{0787172C-E109-4C15-8653-685CF0F27D3E}"
EndProject
Project("{FAE04EC0-301F-11D3-BF4B-00C04F79EFBC}") = "AnonymousMethodsDemo", "AnonymousMethodsDemo\AnonymousMethodsDemo.csproj", "{23EE4B77-CF0B-4511-B835-B63333ABA3E1}"
EndProject
Project("{FAE04EC0-301F-11D3-BF4B-00C04F79EFBC}") = "test.Droid", "test.Droid\test.Droid.csproj", "{3D59F731-C4F2-4B16-BD5D-AC64F351C7DF}"
EndProject
Project("{FAE04EC0-301F-11D3-BF4B-00C04F79EFBC}") = "test.Droid.UITests", "test.Droid.UITests\test.Droid.UITests.csproj", "{3CD7A70E-D484-4E86-9E76-26666DF7574A}"
EndProject
Project("{FAE04EC0-301F-11D3-BF4B-00C04F79EFBC}") = "AnonymousTypesDemo", "AnonymousTypesDemo\AnonymousTypesDemo.csproj", "{8FC41E85-81DC-4FB4-AD82-1892407BFB78}"
EndProject
Project("{FAE04EC0-301F-11D3-BF4B-00C04F79EFBC}") = "partialDemo.iOS", "partialDemo.iOS\partialDemo.iOS.csproj", "{0B78915B-0DCC-4277-911C-D9917338AC26}"
EndProject
Project("{FAE04EC0-301F-11D3-BF4B-00C04F79EFBC}") = "PartialClassDemo1", "PartialClassDemo1\PartialClassDemo1.csproj", "{CDAD8DED-C20B-48CB-8170-7D0C30A30942}"
EndProject
Global
	GlobalSection(SolutionConfigurationPlatforms) = preSolution
		Debug|Any CPU = Debug|Any CPU
		Release|Any CPU = Release|Any CPU
		Debug|iPhoneSimulator = Debug|iPhoneSimulator
		Release|iPhone = Release|iPhone
		Release|iPhoneSimulator = Release|iPhoneSimulator
		Debug|iPhone = Debug|iPhone
	EndGlobalSection
	GlobalSection(ProjectConfigurationPlatforms) = postSolution
		{0787172C-E109-4C15-8653-685CF0F27D3E}.Debug|Any CPU.ActiveCfg = Debug|Any CPU
		{0787172C-E109-4C15-8653-685CF0F27D3E}.Debug|Any CPU.Build.0 = Debug|Any CPU
		{0787172C-E109-4C15-8653-685CF0F27D3E}.Debug|iPhone.ActiveCfg = Debug|Any CPU
		{0787172C-E109-4C15-8653-685CF0F27D3E}.Debug|iPhone.Build.0 = Debug|Any CPU
		{0787172C-E109-4C15-8653-685CF0F27D3E}.Debug|iPhoneSimulator.ActiveCfg = Debug|Any CPU
		{0787172C-E109-4C15-8653-685CF0F27D3E}.Debug|iPhoneSimulator.Build.0 = Debug|Any CPU
		{0787172C-E109-4C15-8653-685CF0F27D3E}.Release|Any CPU.ActiveCfg = Release|Any CPU
		{0787172C-E109-4C15-8653-685CF0F27D3E}.Release|Any CPU.Build.0 = Release|Any CPU
		{0787172C-E109-4C15-8653-685CF0F27D3E}.Release|iPhone.ActiveCfg = Release|Any CPU
		{0787172C-E109-4C15-8653-685CF0F27D3E}.Release|iPhone.Build.0 = Release|Any CPU
		{0787172C-E109-4C15-8653-685CF0F27D3E}.Release|iPhoneSimulator.ActiveCfg = Release|Any CPU
		{0787172C-E109-4C15-8653-685CF0F27D3E}.Release|iPhoneSimulator.Build.0 = Release|Any CPU
		{0B78915B-0DCC-4277-911C-D9917338AC26}.Debug|Any CPU.ActiveCfg = Debug|iPhoneSimulator
		{0B78915B-0DCC-4277-911C-D9917338AC26}.Debug|Any CPU.Build.0 = Debug|iPhoneSimulator
		{0B78915B-0DCC-4277-911C-D9917338AC26}.Debug|iPhone.ActiveCfg = Debug|iPhone
		{0B78915B-0DCC-4277-911C-D9917338AC26}.Debug|iPhone.Build.0 = Debug|iPhone
		{0B78915B-0DCC-4277-911C-D9917338AC26}.Debug|iPhoneSimulator.ActiveCfg = Debug|iPhoneSimulator
		{0B78915B-0DCC-4277-911C-D9917338AC26}.Debug|iPhoneSimulator.Build.0 = Debug|iPhoneSimulator
		{0B78915B-0DCC-4277-911C-D9917338AC26}.Release|Any CPU.ActiveCfg = Release|iPhone
		{0B78915B-0DCC-4277-911C-D9917338AC26}.Release|Any CPU.Build.0 = Release|iPhone
		{0B78915B-0DCC-4277-911C-D9917338AC26}.Release|iPhone.ActiveCfg = Release|iPhone
		{0B78915B-0DCC-4277-911C-D9917338AC26}.Release|iPhone.Build.0 = Release|iPhone
		{0B78915B-0DCC-4277-911C-D9917338AC26}.Release|iPhoneSimulator.ActiveCfg = Release|iPhoneSimulator
		{0B78915B-0DCC-4277-911C-D9917338AC26}.Release|iPhoneSimulator.Build.0 = Release|iPhoneSimulator
		{23EE4B77-CF0B-4511-B835-B63333ABA3E1}.Debug|Any CPU.ActiveCfg = Debug|Any CPU
		{23EE4B77-CF0B-4511-B835-B63333ABA3E1}.Debug|Any CPU.Build.0 = Debug|Any CPU
		{23EE4B77-CF0B-4511-B835-B63333ABA3E1}.Debug|iPhone.ActiveCfg = Debug|Any CPU
		{23EE4B77-CF0B-4511-B835-B63333ABA3E1}.Debug|iPhone.Build.0 = Debug|Any CPU
		{23EE4B77-CF0B-4511-B835-B63333ABA3E1}.Debug|iPhoneSimulator.ActiveCfg = Debug|Any CPU
		{23EE4B77-CF0B-4511-B835-B63333ABA3E1}.Debug|iPhoneSimulator.Build.0 = Debug|Any CPU
		{23EE4B77-CF0B-4511-B835-B63333ABA3E1}.Release|Any CPU.ActiveCfg = Release|Any CPU
		{23EE4B77-CF0B-4511-B835-B63333ABA3E1}.Release|Any CPU.Build.0 = Release|Any CPU
		{23EE4B77-CF0B-4511-B835-B63333ABA3E1}.Release|iPhone.ActiveCfg = Release|Any CPU
		{23EE4B77-CF0B-4511-B835-B63333ABA3E1}.Release|iPhone.Build.0 = Release|Any CPU
		{23EE4B77-CF0B-4511-B835-B63333ABA3E1}.Release|iPhoneSimulator.ActiveCfg = Release|Any CPU
		{23EE4B77-CF0B-4511-B835-B63333ABA3E1}.Release|iPhoneSimulator.Build.0 = Release|Any CPU
		{3CD7A70E-D484-4E86-9E76-26666DF7574A}.Debug|Any CPU.ActiveCfg = Debug|Any CPU
		{3CD7A70E-D484-4E86-9E76-26666DF7574A}.Debug|Any CPU.Build.0 = Debug|Any CPU
		{3CD7A70E-D484-4E86-9E76-26666DF7574A}.Debug|iPhone.ActiveCfg = Debug|Any CPU
		{3CD7A70E-D484-4E86-9E76-26666DF7574A}.Debug|iPhone.Build.0 = Debug|Any CPU
		{3CD7A70E-D484-4E86-9E76-26666DF7574A}.Debug|iPhoneSimulator.ActiveCfg = Debug|Any CPU
		{3CD7A70E-D484-4E86-9E76-26666DF7574A}.Debug|iPhoneSimulator.Build.0 = Debug|Any CPU
		{3CD7A70E-D484-4E86-9E76-26666DF7574A}.Release|Any CPU.ActiveCfg = Release|Any CPU
		{3CD7A70E-D484-4E86-9E76-26666DF7574A}.Release|Any CPU.Build.0 = Release|Any CPU
		{3CD7A70E-D484-4E86-9E76-26666DF7574A}.Release|iPhone.ActiveCfg = Release|Any CPU
		{3CD7A70E-D484-4E86-9E76-26666DF7574A}.Release|iPhone.Build.0 = Release|Any CPU
		{3CD7A70E-D484-4E86-9E76-26666DF7574A}.Release|iPhoneSimulator.ActiveCfg = Release|Any CPU
		{3CD7A70E-D484-4E86-9E76-26666DF7574A}.Release|iPhoneSimulator.Build.0 = Release|Any CPU
		{3D59F731-C4F2-4B16-BD5D-AC64F351C7DF}.Debug|Any CPU.ActiveCfg = Debug|Any CPU
		{3D59F731-C4F2-4B16-BD5D-AC64F351C7DF}.Debug|Any CPU.Build.0 = Debug|Any CPU
		{3D59F731-C4F2-4B16-BD5D-AC64F351C7DF}.Debug|iPhone.ActiveCfg = Debug|Any CPU
		{3D59F731-C4F2-4B16-BD5D-AC64F351C7DF}.Debug|iPhone.Build.0 = Debug|Any CPU
		{3D59F731-C4F2-4B16-BD5D-AC64F351C7DF}.Debug|iPhoneSimulator.ActiveCfg = Debug|Any CPU
		{3D59F731-C4F2-4B16-BD5D-AC64F351C7DF}.Debug|iPhoneSimulator.Build.0 = Debug|Any CPU
		{3D59F731-C4F2-4B16-BD5D-AC64F351C7DF}.Release|Any CPU.ActiveCfg = Release|Any CPU
		{3D59F731-C4F2-4B16-BD5D-AC64F351C7DF}.Release|Any CPU.Build.0 = Release|Any CPU
		{3D59F731-C4F2-4B16-BD5D-AC64F351C7DF}.Release|iPhone.ActiveCfg = Release|Any CPU
		{3D59F731-C4F2-4B16-BD5D-AC64F351C7DF}.Release|iPhone.Build.0 = Release|Any CPU
		{3D59F731-C4F2-4B16-BD5D-AC64F351C7DF}.Release|iPhoneSimulator.ActiveCfg = Release|Any CPU
		{3D59F731-C4F2-4B16-BD5D-AC64F351C7DF}.Release|iPhoneSimulator.Build.0 = Release|Any CPU
		{5ECF8A54-CB61-4AEF-ABD6-D8F9DCEC651F}.Debug|Any CPU.ActiveCfg = Debug|Any CPU
		{5ECF8A54-CB61-4AEF-ABD6-D8F9DCEC651F}.Debug|Any CPU.Build.0 = Debug|Any CPU
		{5ECF8A54-CB61-4AEF-ABD6-D8F9DCEC651F}.Debug|iPhone.ActiveCfg = Debug|Any CPU
		{5ECF8A54-CB61-4AEF-ABD6-D8F9DCEC651F}.Debug|iPhone.Build.0 = Debug|Any CPU
		{5ECF8A54-CB61-4AEF-ABD6-D8F9DCEC651F}.Debug|iPhoneSimulator.ActiveCfg = Debug|Any CPU
		{5ECF8A54-CB61-4AEF-ABD6-D8F9DCEC651F}.Debug|iPhoneSimulator.Build.0 = Debug|Any CPU
		{5ECF8A54-CB61-4AEF-ABD6-D8F9DCEC651F}.Release|Any CPU.ActiveCfg = Release|Any CPU
		{5ECF8A54-CB61-4AEF-ABD6-D8F9DCEC651F}.Release|Any CPU.Build.0 = Release|Any CPU
		{5ECF8A54-CB61-4AEF-ABD6-D8F9DCEC651F}.Release|iPhone.ActiveCfg = Release|Any CPU
		{5ECF8A54-CB61-4AEF-ABD6-D8F9DCEC651F}.Release|iPhone.Build.0 = Release|Any CPU
		{5ECF8A54-CB61-4AEF-ABD6-D8F9DCEC651F}.Release|iPhoneSimulator.ActiveCfg = Release|Any CPU
		{5ECF8A54-CB61-4AEF-ABD6-D8F9DCEC651F}.Release|iPhoneSimulator.Build.0 = Release|Any CPU
		{891D8FAA-325C-4FCE-B359-F234FFA0535F}.Debug|Any CPU.ActiveCfg = Debug|Any CPU
		{891D8FAA-325C-4FCE-B359-F234FFA0535F}.Debug|Any CPU.Build.0 = Debug|Any CPU
		{891D8FAA-325C-4FCE-B359-F234FFA0535F}.Debug|iPhone.ActiveCfg = Debug|Any CPU
		{891D8FAA-325C-4FCE-B359-F234FFA0535F}.Debug|iPhone.Build.0 = Debug|Any CPU
		{891D8FAA-325C-4FCE-B359-F234FFA0535F}.Debug|iPhoneSimulator.ActiveCfg = Debug|Any CPU
		{891D8FAA-325C-4FCE-B359-F234FFA0535F}.Debug|iPhoneSimulator.Build.0 = Debug|Any CPU
		{891D8FAA-325C-4FCE-B359-F234FFA0535F}.Release|Any CPU.ActiveCfg = Release|Any CPU
		{891D8FAA-325C-4FCE-B359-F234FFA0535F}.Release|Any CPU.Build.0 = Release|Any CPU
		{891D8FAA-325C-4FCE-B359-F234FFA0535F}.Release|iPhone.ActiveCfg = Release|Any CPU
		{891D8FAA-325C-4FCE-B359-F234FFA0535F}.Release|iPhone.Build.0 = Release|Any CPU
		{891D8FAA-325C-4FCE-B359-F234FFA0535F}.Release|iPhoneSimulator.ActiveCfg = Release|Any CPU
		{891D8FAA-325C-4FCE-B359-F234FFA0535F}.Release|iPhoneSimulator.Build.0 = Release|Any CPU
		{8FC41E85-81DC-4FB4-AD82-1892407BFB78}.Debug|Any CPU.ActiveCfg = Debug|Any CPU
		{8FC41E85-81DC-4FB4-AD82-1892407BFB78}.Debug|Any CPU.Build.0 = Debug|Any CPU
		{8FC41E85-81DC-4FB4-AD82-1892407BFB78}.Debug|iPhone.ActiveCfg = Debug|Any CPU
		{8FC41E85-81DC-4FB4-AD82-1892407BFB78}.Debug|iPhone.Build.0 = Debug|Any CPU
		{8FC41E85-81DC-4FB4-AD82-1892407BFB78}.Debug|iPhoneSimulator.ActiveCfg = Debug|Any CPU
		{8FC41E85-81DC-4FB4-AD82-1892407BFB78}.Debug|iPhoneSimulator.Build.0 = Debug|Any CPU
		{8FC41E85-81DC-4FB4-AD82-1892407BFB78}.Release|Any CPU.ActiveCfg = Release|Any CPU
		{8FC41E85-81DC-4FB4-AD82-1892407BFB78}.Release|Any CPU.Build.0 = Release|Any CPU
		{8FC41E85-81DC-4FB4-AD82-1892407BFB78}.Release|iPhone.ActiveCfg = Release|Any CPU
		{8FC41E85-81DC-4FB4-AD82-1892407BFB78}.Release|iPhone.Build.0 = Release|Any CPU
		{8FC41E85-81DC-4FB4-AD82-1892407BFB78}.Release|iPhoneSimulator.ActiveCfg = Release|Any CPU
		{8FC41E85-81DC-4FB4-AD82-1892407BFB78}.Release|iPhoneSimulator.Build.0 = Release|Any CPU
		{9A3126C9-0626-45DE-8A87-7522D2AAC72F}.Debug|Any CPU.ActiveCfg = Debug|Any CPU
		{9A3126C9-0626-45DE-8A87-7522D2AAC72F}.Debug|Any CPU.Build.0 = Debug|Any CPU
		{9A3126C9-0626-45DE-8A87-7522D2AAC72F}.Debug|iPhone.ActiveCfg = Debug|Any CPU
		{9A3126C9-0626-45DE-8A87-7522D2AAC72F}.Debug|iPhone.Build.0 = Debug|Any CPU
		{9A3126C9-0626-45DE-8A87-7522D2AAC72F}.Debug|iPhoneSimulator.ActiveCfg = Debug|Any CPU
		{9A3126C9-0626-45DE-8A87-7522D2AAC72F}.Debug|iPhoneSimulator.Build.0 = Debug|Any CPU
		{9A3126C9-0626-45DE-8A87-7522D2AAC72F}.Release|Any CPU.ActiveCfg = Release|Any CPU
		{9A3126C9-0626-45DE-8A87-7522D2AAC72F}.Release|Any CPU.Build.0 = Release|Any CPU
		{9A3126C9-0626-45DE-8A87-7522D2AAC72F}.Release|iPhone.ActiveCfg = Release|Any CPU
		{9A3126C9-0626-45DE-8A87-7522D2AAC72F}.Release|iPhone.Build.0 = Release|Any CPU
		{9A3126C9-0626-45DE-8A87-7522D2AAC72F}.Release|iPhoneSimulator.ActiveCfg = Release|Any CPU
		{9A3126C9-0626-45DE-8A87-7522D2AAC72F}.Release|iPhoneSimulator.Build.0 = Release|Any CPU
		{CDAD8DED-C20B-48CB-8170-7D0C30A30942}.Debug|Any CPU.ActiveCfg = Debug|Any CPU
		{CDAD8DED-C20B-48CB-8170-7D0C30A30942}.Debug|Any CPU.Build.0 = Debug|Any CPU
		{CDAD8DED-C20B-48CB-8170-7D0C30A30942}.Debug|iPhone.ActiveCfg = Debug|Any CPU
		{CDAD8DED-C20B-48CB-8170-7D0C30A30942}.Debug|iPhone.Build.0 = Debug|Any CPU
		{CDAD8DED-C20B-48CB-8170-7D0C30A30942}.Debug|iPhoneSimulator.ActiveCfg = Debug|Any CPU
		{CDAD8DED-C20B-48CB-8170-7D0C30A30942}.Debug|iPhoneSimulator.Build.0 = Debug|Any CPU
		{CDAD8DED-C20B-48CB-8170-7D0C30A30942}.Release|Any CPU.ActiveCfg = Release|Any CPU
		{CDAD8DED-C20B-48CB-8170-7D0C30A30942}.Release|Any CPU.Build.0 = Release|Any CPU
		{CDAD8DED-C20B-48CB-8170-7D0C30A30942}.Release|iPhone.ActiveCfg = Release|Any CPU
		{CDAD8DED-C20B-48CB-8170-7D0C30A30942}.Release|iPhone.Build.0 = Release|Any CPU
		{CDAD8DED-C20B-48CB-8170-7D0C30A30942}.Release|iPhoneSimulator.ActiveCfg = Release|Any CPU
		{CDAD8DED-C20B-48CB-8170-7D0C30A30942}.Release|iPhoneSimulator.Build.0 = Release|Any CPU
		{D2A28573-0830-4EFA-9101-703D41916E64}.Debug|Any CPU.ActiveCfg = Debug|Any CPU
		{D2A28573-0830-4EFA-9101-703D41916E64}.Debug|Any CPU.Build.0 = Debug|Any CPU
		{D2A28573-0830-4EFA-9101-703D41916E64}.Debug|iPhone.ActiveCfg = Debug|Any CPU
		{D2A28573-0830-4EFA-9101-703D41916E64}.Debug|iPhone.Build.0 = Debug|Any CPU
		{D2A28573-0830-4EFA-9101-703D41916E64}.Debug|iPhoneSimulator.ActiveCfg = Debug|Any CPU
		{D2A28573-0830-4EFA-9101-703D41916E64}.Debug|iPhoneSimulator.Build.0 = Debug|Any CPU
		{D2A28573-0830-4EFA-9101-703D41916E64}.Release|Any CPU.ActiveCfg = Release|Any CPU
		{D2A28573-0830-4EFA-9101-703D41916E64}.Release|Any CPU.Build.0 = Release|Any CPU
		{D2A28573-0830-4EFA-9101-703D41916E64}.Release|iPhone.ActiveCfg = Release|Any CPU
		{D2A28573-0830-4EFA-9101-703D41916E64}.Release|iPhone.Build.0 = Release|Any CPU
		{D2A28573-0830-4EFA-9101-703D41916E64}.Release|iPhoneSimulator.ActiveCfg = Release|Any CPU
		{D2A28573-0830-4EFA-9101-703D41916E64}.Release|iPhoneSimulator.Build.0 = Release|Any CPU
		{D5E78418-16CA-47C5-BF3F-C5558B7E0F3F}.Debug|Any CPU.ActiveCfg = Debug|Any CPU
		{D5E78418-16CA-47C5-BF3F-C5558B7E0F3F}.Debug|Any CPU.Build.0 = Debug|Any CPU
		{D5E78418-16CA-47C5-BF3F-C5558B7E0F3F}.Debug|iPhone.ActiveCfg = Debug|Any CPU
		{D5E78418-16CA-47C5-BF3F-C5558B7E0F3F}.Debug|iPhone.Build.0 = Debug|Any CPU
		{D5E78418-16CA-47C5-BF3F-C5558B7E0F3F}.Debug|iPhoneSimulator.ActiveCfg = Debug|Any CPU
		{D5E78418-16CA-47C5-BF3F-C5558B7E0F3F}.Debug|iPhoneSimulator.Build.0 = Debug|Any CPU
		{D5E78418-16CA-47C5-BF3F-C5558B7E0F3F}.Release|Any CPU.ActiveCfg = Release|Any CPU
		{D5E78418-16CA-47C5-BF3F-C5558B7E0F3F}.Release|Any CPU.Build.0 = Release|Any CPU
		{D5E78418-16CA-47C5-BF3F-C5558B7E0F3F}.Release|iPhone.ActiveCfg = Release|Any CPU
		{D5E78418-16CA-47C5-BF3F-C5558B7E0F3F}.Release|iPhone.Build.0 = Release|Any CPU
		{D5E78418-16CA-47C5-BF3F-C5558B7E0F3F}.Release|iPhoneSimulator.ActiveCfg = Release|Any CPU
		{D5E78418-16CA-47C5-BF3F-C5558B7E0F3F}.Release|iPhoneSimulator.Build.0 = Release|Any CPU
		{EA07E77F-AF39-4FE0-A827-FEBE95890C25}.Debug|Any CPU.ActiveCfg = Debug|Any CPU
		{EA07E77F-AF39-4FE0-A827-FEBE95890C25}.Debug|Any CPU.Build.0 = Debug|Any CPU
		{EA07E77F-AF39-4FE0-A827-FEBE95890C25}.Debug|iPhone.ActiveCfg = Debug|Any CPU
		{EA07E77F-AF39-4FE0-A827-FEBE95890C25}.Debug|iPhone.Build.0 = Debug|Any CPU
		{EA07E77F-AF39-4FE0-A827-FEBE95890C25}.Debug|iPhoneSimulator.ActiveCfg = Debug|Any CPU
		{EA07E77F-AF39-4FE0-A827-FEBE95890C25}.Debug|iPhoneSimulator.Build.0 = Debug|Any CPU
		{EA07E77F-AF39-4FE0-A827-FEBE95890C25}.Release|Any CPU.ActiveCfg = Release|Any CPU
		{EA07E77F-AF39-4FE0-A827-FEBE95890C25}.Release|Any CPU.Build.0 = Release|Any CPU
		{EA07E77F-AF39-4FE0-A827-FEBE95890C25}.Release|iPhone.ActiveCfg = Release|Any CPU
		{EA07E77F-AF39-4FE0-A827-FEBE95890C25}.Release|iPhone.Build.0 = Release|Any CPU
		{EA07E77F-AF39-4FE0-A827-FEBE95890C25}.Release|iPhoneSimulator.ActiveCfg = Release|Any CPU
		{EA07E77F-AF39-4FE0-A827-FEBE95890C25}.Release|iPhoneSimulator.Build.0 = Release|Any CPU
	EndGlobalSection
	GlobalSection(SolutionProperties) = preSolution
		HideSolutionNode = FALSE
	EndGlobalSection
EndGlobal
